<?xml version="1.0" encoding="utf-8"?>
<Project ToolsVersion="4.0" xmlns="http://schemas.microsoft.com/developer/msbuild/2003">
  <ItemGroup>
    <Filter Include="Source Files">
      <UniqueIdentifier>{4FC737F1-C7A5-4376-A066-2A32D752A2FF}</UniqueIdentifier>
      <Extensions>cpp;c;cc;cxx;def;odl;idl;hpj;bat;asm;asmx</Extensions>
    </Filter>
    <Filter Include="Header Files">
      <UniqueIdentifier>{93995380-89BD-4b04-88EB-625FBE52EBFB}</UniqueIdentifier>
      <Extensions>h;hpp;hxx;hm;inl;inc;xsd</Extensions>
    </Filter>
    <Filter Include="Resource Files">
      <UniqueIdentifier>{67DA6AB6-F800-4c08-8B7A-83BB121AAD01}</UniqueIdentifier>
      <Extensions>rc;ico;cur;bmp;dlg;rc2;rct;bin;rgs;gif;jpg;jpeg;jpe;resx;tiff;tif;png;wav;mfcribbon-ms</Extensions>
    </Filter>
    <Filter Include="mushimushi">
      <UniqueIdentifier>{e661a8aa-7391-4120-9a3d-913fd52c235c}</UniqueIdentifier>
    </Filter>
  </ItemGroup>
  <ItemGroup>
    <ClCompile Include="Graphics\Shashin.cpp">
      <Filter>Source Files</Filter>
    </ClCompile>
    <ClCompile Include="Graphics\Fonts\FreeTypeFont.cpp">
      <Filter>Source Files</Filter>
    </ClCompile>
    <ClCompile Include="Graphics\Sprite.cpp">
      <Filter>Source Files</Filter>
    </ClCompile>
    <ClCompile Include="Entity\CPlayer.cpp">
      <Filter>Source Files</Filter>
    </ClCompile>
    <ClCompile Include="GameStates\CAppState.cpp">
      <Filter>Source Files</Filter>
    </ClCompile>
    <ClCompile Include="GameStates\CAppStateGame.cpp">
      <Filter>Source Files</Filter>
    </ClCompile>
    <ClCompile Include="GameStates\CAppStateIntro.cpp">
      <Filter>Source Files</Filter>
    </ClCompile>
    <ClCompile Include="GameStates\CAppStateManager.cpp">
      <Filter>Source Files</Filter>
    </ClCompile>
    <ClCompile Include="Core\OnCleanup.cpp">
      <Filter>Source Files</Filter>
    </ClCompile>
    <ClCompile Include="Core\OnEvent.cpp">
      <Filter>Source Files</Filter>
    </ClCompile>
    <ClCompile Include="Core\OnInit.cpp">
      <Filter>Source Files</Filter>
    </ClCompile>
    <ClCompile Include="Core\OnLoop.cpp">
      <Filter>Source Files</Filter>
    </ClCompile>
    <ClCompile Include="Core\OnRender.cpp">
      <Filter>Source Files</Filter>
    </ClCompile>
    <ClCompile Include="Core\CEvent.cpp">
      <Filter>Source Files</Filter>
    </ClCompile>
    <ClCompile Include="Entity\WorldEntity.cpp">
      <Filter>Source Files</Filter>
    </ClCompile>
    <ClCompile Include="Util\CFPS.cpp">
      <Filter>Source Files</Filter>
    </ClCompile>
    <ClCompile Include="Util\CCamera.cpp">
      <Filter>Source Files</Filter>
    </ClCompile>
    <ClCompile Include="Util\Transform.cpp">
      <Filter>Source Files</Filter>
    </ClCompile>
    <ClCompile Include="Util\Vector2.cpp">
      <Filter>Source Files</Filter>
    </ClCompile>
    <ClCompile Include="Youkozo.cpp">
      <Filter>Source Files</Filter>
    </ClCompile>
    <ClCompile Include="Entity\Collider\Collider.cpp">
      <Filter>Source Files</Filter>
    </ClCompile>
    <ClCompile Include="Entity\Collider\CollisionPolice.cpp">
      <Filter>Source Files</Filter>
    </ClCompile>
    <ClCompile Include="Entity\Entity.cpp">
      <Filter>Source Files</Filter>
    </ClCompile>
    <ClCompile Include="Entity\EntityCol.cpp">
      <Filter>Source Files</Filter>
    </ClCompile>
  </ItemGroup>
  <ItemGroup>
    <ClInclude Include="Graphics\Shashin.h">
      <Filter>Header Files</Filter>
    </ClInclude>
    <ClInclude Include="Graphics\Fonts\FreeTypeFont.h">
      <Filter>Header Files</Filter>
    </ClInclude>
    <ClInclude Include="Graphics\Sprite.h">
      <Filter>Header Files</Filter>
    </ClInclude>
    <ClInclude Include="Entity\CPlayer.h">
      <Filter>Header Files</Filter>
    </ClInclude>
    <ClInclude Include="GameStates\CAppStateManager.h">
      <Filter>Header Files</Filter>
    </ClInclude>
    <ClInclude Include="GameStates\CAppState.h">
      <Filter>Header Files</Filter>
    </ClInclude>
    <ClInclude Include="GameStates\CAppStateGame.h">
      <Filter>Header Files</Filter>
    </ClInclude>
    <ClInclude Include="GameStates\CAppStateIntro.h">
      <Filter>Header Files</Filter>
    </ClInclude>
    <ClInclude Include="Core\CEvent.h">
      <Filter>Header Files</Filter>
    </ClInclude>
    <ClInclude Include="Entity\WorldEntity.h">
      <Filter>Header Files</Filter>
    </ClInclude>
    <ClInclude Include="Util\CFPS.h">
      <Filter>Header Files</Filter>
    </ClInclude>
    <ClInclude Include="Util\CCamera.h">
      <Filter>Header Files</Filter>
    </ClInclude>
    <ClInclude Include="Util\Transform.h">
      <Filter>Header Files</Filter>
    </ClInclude>
    <ClInclude Include="Util\Vector2.h">
      <Filter>Header Files</Filter>
    </ClInclude>
    <ClInclude Include="Youkozo.h">
      <Filter>Header Files</Filter>
    </ClInclude>
    <ClInclude Include="Core\Define.h">
      <Filter>Header Files</Filter>
    </ClInclude>
    <ClInclude Include="Entity\Collider\Collider.h">
      <Filter>Header Files</Filter>
    </ClInclude>
    <ClInclude Include="Entity\Collider\CollisionPolice.h">
      <Filter>Header Files</Filter>
    </ClInclude>
    <ClInclude Include="Entity\Entity.h">
      <Filter>Header Files</Filter>
    </ClInclude>
  </ItemGroup>
</Project>